// !$*UTF8*$!
{
	archiveVersion = 1;
	classes = {
	};
	objectVersion = 46;
	objects = {

/* Begin PBXBuildFile section */
		CDFCF73E1E5EDAFF00CABD0F /* main.m in Sources */ = {isa = PBXBuildFile; fileRef = CDFCF73D1E5EDAFF00CABD0F /* main.m */; };
		CDFCF7411E5EDAFF00CABD0F /* AppDelegate.m in Sources */ = {isa = PBXBuildFile; fileRef = CDFCF7401E5EDAFF00CABD0F /* AppDelegate.m */; };
		CDFCF7441E5EDAFF00CABD0F /* ViewController.m in Sources */ = {isa = PBXBuildFile; fileRef = CDFCF7431E5EDAFF00CABD0F /* ViewController.m */; };
		CDFCF7471E5EDAFF00CABD0F /* Main.storyboard in Resources */ = {isa = PBXBuildFile; fileRef = CDFCF7451E5EDAFF00CABD0F /* Main.storyboard */; };
		CDFCF7491E5EDAFF00CABD0F /* Assets.xcassets in Resources */ = {isa = PBXBuildFile; fileRef = CDFCF7481E5EDAFF00CABD0F /* Assets.xcassets */; };
		CDFCF74C1E5EDAFF00CABD0F /* LaunchScreen.storyboard in Resources */ = {isa = PBXBuildFile; fileRef = CDFCF74A1E5EDAFF00CABD0F /* LaunchScreen.storyboard */; };
		CDFCF7571E5EDBC300CABD0F /* UIImage+HTWDetector.m in Sources */ = {isa = PBXBuildFile; fileRef = CDFCF7561E5EDBC300CABD0F /* UIImage+HTWDetector.m */; };
		CDFCF75A1E5FE00000CABD0F /* CIFeature+HTWTransform.m in Sources */ = {isa = PBXBuildFile; fileRef = CDFCF7591E5FE00000CABD0F /* CIFeature+HTWTransform.m */; };
/* End PBXBuildFile section */

/* Begin PBXFileReference section */
		CDFCF7391E5EDAFF00CABD0F /* CIDetectorExamaple.app */ = {isa = PBXFileReference; explicitFileType = wrapper.application; includeInIndex = 0; path = CIDetectorExamaple.app; sourceTree = BUILT_PRODUCTS_DIR; };
		CDFCF73D1E5EDAFF00CABD0F /* main.m */ = {isa = PBXFileReference; lastKnownFileType = sourcecode.c.objc; path = main.m; sourceTree = "<group>"; };
		CDFCF73F1E5EDAFF00CABD0F /* AppDelegate.h */ = {isa = PBXFileReference; lastKnownFileType = sourcecode.c.h; path = AppDelegate.h; sourceTree = "<group>"; };
		CDFCF7401E5EDAFF00CABD0F /* AppDelegate.m */ = {isa = PBXFileReference; lastKnownFileType = sourcecode.c.objc; path = AppDelegate.m; sourceTree = "<group>"; };
		CDFCF7421E5EDAFF00CABD0F /* ViewController.h */ = {isa = PBXFileReference; lastKnownFileType = sourcecode.c.h; path = ViewController.h; sourceTree = "<group>"; };
		CDFCF7431E5EDAFF00CABD0F /* ViewController.m */ = {isa = PBXFileReference; lastKnownFileType = sourcecode.c.objc; path = ViewController.m; sourceTree = "<group>"; };
		CDFCF7461E5EDAFF00CABD0F /* Base */ = {isa = PBXFileReference; lastKnownFileType = file.storyboard; name = Base; path = Base.lproj/Main.storyboard; sourceTree = "<group>"; };
		CDFCF7481E5EDAFF00CABD0F /* Assets.xcassets */ = {isa = PBXFileReference; lastKnownFileType = folder.assetcatalog; path = Assets.xcassets; sourceTree = "<group>"; };
		CDFCF74B1E5EDAFF00CABD0F /* Base */ = {isa = PBXFileReference; lastKnownFileType = file.storyboard; name = Base; path = Base.lproj/LaunchScreen.storyboard; sourceTree = "<group>"; };
		CDFCF74D1E5EDAFF00CABD0F /* Info.plist */ = {isa = PBXFileReference; lastKnownFileType = text.plist.xml; path = Info.plist; sourceTree = "<group>"; };
		CDFCF7551E5EDBC300CABD0F /* UIImage+HTWDetector.h */ = {isa = PBXFileReference; fileEncoding = 4; lastKnownFileType = sourcecode.c.h; path = "UIImage+HTWDetector.h"; sourceTree = "<group>"; };
		CDFCF7561E5EDBC300CABD0F /* UIImage+HTWDetector.m */ = {isa = PBXFileReference; fileEncoding = 4; lastKnownFileType = sourcecode.c.objc; path = "UIImage+HTWDetector.m"; sourceTree = "<group>"; };
		CDFCF7581E5FE00000CABD0F /* CIFeature+HTWTransform.h */ = {isa = PBXFileReference; fileEncoding = 4; lastKnownFileType = sourcecode.c.h; path = "CIFeature+HTWTransform.h"; sourceTree = "<group>"; };
		CDFCF7591E5FE00000CABD0F /* CIFeature+HTWTransform.m */ = {isa = PBXFileReference; fileEncoding = 4; lastKnownFileType = sourcecode.c.objc; path = "CIFeature+HTWTransform.m"; sourceTree = "<group>"; };
/* End PBXFileReference section */

/* Begin PBXFrameworksBuildPhase section */
		CDFCF7361E5EDAFF00CABD0F /* Frameworks */ = {
			isa = PBXFrameworksBuildPhase;
			buildActionMask = 2147483647;
			files = (
			);
			runOnlyForDeploymentPostprocessing = 0;
		};
/* End PBXFrameworksBuildPhase section */

/* Begin PBXGroup section */
		CDFCF7301E5EDAFF00CABD0F = {
			isa = PBXGroup;
			children = (
				CDFCF73B1E5EDAFF00CABD0F /* CIDetectorExamaple */,
				CDFCF73A1E5EDAFF00CABD0F /* Products */,
			);
			sourceTree = "<group>";
		};
		CDFCF73A1E5EDAFF00CABD0F /* Products */ = {
			isa = PBXGroup;
			children = (
				CDFCF7391E5EDAFF00CABD0F /* CIDetectorExamaple.app */,
			);
			name = Products;
			sourceTree = "<group>";
		};
		CDFCF73B1E5EDAFF00CABD0F /* CIDetectorExamaple */ = {
			isa = PBXGroup;
			children = (
				CDFCF7531E5EDB8F00CABD0F /* HTWLib */,
				CDFCF73F1E5EDAFF00CABD0F /* AppDelegate.h */,
				CDFCF7401E5EDAFF00CABD0F /* AppDelegate.m */,
				CDFCF7421E5EDAFF00CABD0F /* ViewController.h */,
				CDFCF7431E5EDAFF00CABD0F /* ViewController.m */,
				CDFCF7451E5EDAFF00CABD0F /* Main.storyboard */,
				CDFCF7481E5EDAFF00CABD0F /* Assets.xcassets */,
				CDFCF74A1E5EDAFF00CABD0F /* LaunchScreen.storyboard */,
				CDFCF74D1E5EDAFF00CABD0F /* Info.plist */,
				CDFCF73C1E5EDAFF00CABD0F /* Supporting Files */,
			);
			path = CIDetectorExamaple;
			sourceTree = "<group>";
		};
		CDFCF73C1E5EDAFF00CABD0F /* Supporting Files */ = {
			isa = PBXGroup;
			children = (
				CDFCF73D1E5EDAFF00CABD0F /* main.m */,
			);
			name = "Supporting Files";
			sourceTree = "<group>";
		};
		CDFCF7531E5EDB8F00CABD0F /* HTWLib */ = {
			isa = PBXGroup;
			children = (
				CDFCF7541E5EDBB900CABD0F /* Category */,
			);
			path = HTWLib;
			sourceTree = "<group>";
		};
		CDFCF7541E5EDBB900CABD0F /* Category */ = {
			isa = PBXGroup;
			children = (
				CDFCF7551E5EDBC300CABD0F /* UIImage+HTWDetector.h */,
				CDFCF7561E5EDBC300CABD0F /* UIImage+HTWDetector.m */,
				CDFCF7581E5FE00000CABD0F /* CIFeature+HTWTransform.h */,
				CDFCF7591E5FE00000CABD0F /* CIFeature+HTWTransform.m */,
			);
			path = Category;
			sourceTree = "<group>";
		};
/* End PBXGroup section */

/* Begin PBXNativeTarget section */
		CDFCF7381E5EDAFF00CABD0F /* CIDetectorExamaple */ = {
			isa = PBXNativeTarget;
			buildConfigurationList = CDFCF7501E5EDAFF00CABD0F /* Build configuration list for PBXNativeTarget "CIDetectorExamaple" */;
			buildPhases = (
				CDFCF7351E5EDAFF00CABD0F /* Sources */,
				CDFCF7361E5EDAFF00CABD0F /* Frameworks */,
				CDFCF7371E5EDAFF00CABD0F /* Resources */,
			);
			buildRules = (
			);
			dependencies = (
			);
			name = CIDetectorExamaple;
			productName = CIDetectorExamaple;
			productReference = CDFCF7391E5EDAFF00CABD0F /* CIDetectorExamaple.app */;
			productType = "com.apple.product-type.application";
		};
/* End PBXNativeTarget section */

/* Begin PBXProject section */
		CDFCF7311E5EDAFF00CABD0F /* Project object */ = {
			isa = PBXProject;
			attributes = {
				LastUpgradeCheck = 0820;
				ORGANIZATIONNAME = Rex;
				TargetAttributes = {
					CDFCF7381E5EDAFF00CABD0F = {
						CreatedOnToolsVersion = 8.2.1;
						DevelopmentTeam = WRQ69G3N44;
						ProvisioningStyle = Automatic;
					};
				};
			};
			buildConfigurationList = CDFCF7341E5EDAFF00CABD0F /* Build configuration list for PBXProject "CIDetectorExamaple" */;
			compatibilityVersion = "Xcode 3.2";
			developmentRegion = English;
			hasScannedForEncodings = 0;
			knownRegions = (
				en,
				Base,
			);
			mainGroup = CDFCF7301E5EDAFF00CABD0F;
			productRefGroup = CDFCF73A1E5EDAFF00CABD0F /* Products */;
			projectDirPath = "";
			projectRoot = "";
			targets = (
				CDFCF7381E5EDAFF00CABD0F /* CIDetectorExamaple */,
			);
		};
/* End PBXProject section */

/* Begin PBXResourcesBuildPhase section */
		CDFCF7371E5EDAFF00CABD0F /* Resources */ = {
			isa = PBXResourcesBuildPhase;
			buildActionMask = 2147483647;
			files = (
				CDFCF74C1E5EDAFF00CABD0F /* LaunchScreen.storyboard in Resources */,
				CDFCF7491E5EDAFF00CABD0F /* Assets.xcassets in Resources */,
				CDFCF7471E5EDAFF00CABD0F /* Main.storyboard in Resources */,
			);
			runOnlyForDeploymentPostprocessing = 0;
		};
/* End PBXResourcesBuildPhase section */

/* Begin PBXSourcesBuildPhase section */
		CDFCF7351E5EDAFF00CABD0F /* Sources */ = {
			isa = PBXSourcesBuildPhase;
			buildActionMask = 2147483647;
			files = (
				CDFCF7441E5EDAFF00CABD0F /* ViewController.m in Sources */,
				CDFCF7571E5EDBC300CABD0F /* UIImage+HTWDetector.m in Sources */,
				CDFCF75A1E5FE00000CABD0F /* CIFeature+HTWTransform.m in Sources */,
				CDFCF7411E5EDAFF00CABD0F /* AppDelegate.m in Sources */,
				CDFCF73E1E5EDAFF00CABD0F /* main.m in Sources */,
			);
			runOnlyForDeploymentPostprocessing = 0;
		};
/* End PBXSourcesBuildPhase section */

/* Begin PBXVariantGroup section */
		CDFCF7451E5EDAFF00CABD0F /* Main.storyboard */ = {
			isa = PBXVariantGroup;
			children = (
				CDFCF7461E5EDAFF00CABD0F /* Base */,
			);
			name = Main.storyboard;
			sourceTree = "<group>";
		};
		CDFCF74A1E5EDAFF00CABD0F /* LaunchScreen.storyboard */ = {
			isa = PBXVariantGroup;
			children = (
				CDFCF74B1E5EDAFF00CABD0F /* Base */,
			);
			name = LaunchScreen.storyboard;
			sourceTree = "<group>";
		};
/* End PBXVariantGroup section */

/* Begin XCBuildConfiguration section */
		CDFCF74E1E5EDAFF00CABD0F /* Debug */ = {
			isa = XCBuildConfiguration;
			buildSettings = {
				ALWAYS_SEARCH_USER_PATHS = NO;
				CLANG_ANALYZER_NONNULL = YES;
				CLANG_CXX_LANGUAGE_STANDARD = "gnu++0x";
				CLANG_CXX_LIBRARY = "libc++";
				CLANG_ENABLE_MODULES = YES;
				CLANG_ENABLE_OBJC_ARC = YES;
				CLANG_WARN_BOOL_CONVERSION = YES;
				CLANG_WARN_CONSTANT_CONVERSION = YES;
				CLANG_WARN_DIRECT_OBJC_ISA_USAGE = YES_ERROR;
				CLANG_WARN_DOCUMENTATION_COMMENTS = YES;
				CLANG_WARN_EMPTY_BODY = YES;
				CLANG_WARN_ENUM_CONVERSION = YES;
				CLANG_WARN_INFINITE_RECURSION = YES;
				CLANG_WARN_INT_CONVERSION = YES;
				CLANG_WARN_OBJC_ROOT_CLASS = YES_ERROR;
				CLANG_WARN_SUSPICIOUS_MOVE = YES;
				CLANG_WARN_UNREACHABLE_CODE = YES;
				CLANG_WARN__DUPLICATE_METHOD_MATCH = YES;
				"CODE_SIGN_IDENTITY[sdk=iphoneos*]" = "iPhone Developer";
				COPY_PHASE_STRIP = NO;
				DEBUG_INFORMATION_FORMAT = dwarf;
				ENABLE_STRICT_OBJC_MSGSEND = YES;
				ENABLE_TESTABILITY = YES;
				GCC_C_LANGUAGE_STANDARD = gnu99;
				GCC_DYNAMIC_NO_PIC = NO;
				GCC_NO_COMMON_BLOCKS = YES;
				GCC_OPTIMIZATION_LEVEL = 0;
				GCC_PREPROCESSOR_DEFINITIONS = (
					"DEBUG=1",
					"$(inherited)",
				);
				GCC_WARN_64_TO_32_BIT_CONVERSION = YES;
				GCC_WARN_ABOUT_RETURN_TYPE = YES_ERROR;
				GCC_WARN_UNDECLARED_SELECTOR = YES;
				GCC_WARN_UNINITIALIZED_AUTOS = YES_AGGRESSIVE;
				GCC_WARN_UNUSED_FUNCTION = YES;
				GCC_WARN_UNUSED_VARIABLE = YES;
				IPHONEOS_DEPLOYMENT_TARGET = 10.2;
				MTL_ENABLE_DEBUG_INFO = YES;
				ONLY_ACTIVE_ARCH = YES;
				SDKROOT = iphoneos;
				TARGETED_DEVICE_FAMILY = "1,2";
			};
			name = Debug;
		};
		CDFCF74F1E5EDAFF00CABD0F /* Release */ = {
			isa = XCBuildConfiguration;
			buildSettings = {
				ALWAYS_SEARCH_USER_PATHS = NO;
				CLANG_ANALYZER_NONNULL = YES;
				CLANG_CXX_LANGUAGE_STANDARD = "gnu++0x";
				CLANG_CXX_LIBRARY = "libc++";
				CLANG_ENABLE_MODULES = YES;
				CLANG_ENABLE_OBJC_ARC = YES;
				CLANG_WARN_BOOL_CONVERSION = YES;
				CLANG_WARN_CONSTANT_CONVERSION = YES;
				CLANG_WARN_DIRECT_OBJC_ISA_USAGE = YES_ERROR;
				CLANG_WARN_DOCUMENTATION_COMMENTS = YES;
				CLANG_WARN_EMPTY_BODY = YES;
				CLANG_WARN_ENUM_CONVERSION = YES;
				CLANG_WARN_INFINITE_RECURSION = YES;
				CLANG_WARN_INT_CONVERSION = YES;
				CLANG_WARN_OBJC_ROOT_CLASS = YES_ERROR;
				CLANG_WARN_SUSPICIOUS_MOVE = YES;
				CLANG_WARN_UNREACHABLE_CODE = YES;
				CLANG_WARN__DUPLICATE_METHOD_MATCH = YES;
				"CODE_SIGN_IDENTITY[sdk=iphoneos*]" = "iPhone Developer";
				COPY_PHASE_STRIP = NO;
				DEBUG_INFORMATION_FORMAT = "dwarf-with-dsym";
				ENABLE_NS_ASSERTIONS = NO;
				ENABLE_STRICT_OBJC_MSGSEND = YES;
				GCC_C_LANGUAGE_STANDARD = gnu99;
				GCC_NO_COMMON_BLOCKS = YES;
				GCC_WARN_64_TO_32_BIT_CONVERSION = YES;
				GCC_WARN_ABOUT_RETURN_TYPE = YES_ERROR;
				GCC_WARN_UNDECLARED_SELECTOR = YES;
				GCC_WARN_UNINITIALIZED_AUTOS = YES_AGGRESSIVE;
				GCC_WARN_UNUSED_FUNCTION = YES;
				GCC_WARN_UNUSED_VARIABLE = YES;
				IPHONEOS_DEPLOYMENT_TARGET = 10.2;
				MTL_ENABLE_DEBUG_INFO = NO;
				SDKROOT = iphoneos;
				TARGETED_DEVICE_FAMILY = "1,2";
				VALIDATE_PRODUCT = YES;
			};
			name = Release;
		};
		CDFCF7511E5EDAFF00CABD0F /* Debug */ = {
			isa = XCBuildConfiguration;
			buildSettings = {
				ASSETCATALOG_COMPILER_APPICON_NAME = AppIcon;
				DEVELOPMENT_TEAM = WRQ69G3N44;
				INFOPLIST_FILE = CIDetectorExamaple/Info.plist;
				LD_RUNPATH_SEARCH_PATHS = "$(inherited) @executable_path/Frameworks";
				PRODUCT_BUNDLE_IDENTIFIER = com.rexhuang.CIDetectorExamaple;
				PRODUCT_NAME = "$(TARGET_NAME)";
			};
			name = Debug;
		};
		CDFCF7521E5EDAFF00CABD0F /* Release */ = {
			isa = XCBuildConfiguration;
			buildSettings = {
				ASSETCATALOG_COMPILER_APPICON_NAME = AppIcon;
				DEVELOPMENT_TEAM = WRQ69G3N44;
				INFOPLIST_FILE = CIDetectorExamaple/Info.plist;
				LD_RUNPATH_SEARCH_PATHS = "$(inherited) @executable_path/Frameworks";
				PRODUCT_BUNDLE_IDENTIFIER = com.rexhuang.CIDetectorExamaple;
				PRODUCT_NAME = "$(TARGET_NAME)";
			};
			name = Release;
		};
/* End XCBuildConfiguration section */

/* Begin XCConfigurationList section */
		CDFCF7341E5EDAFF00CABD0F /* Build configuration list for PBXProject "CIDetectorExamaple" */ = {
			isa = XCConfigurationList;
			buildConfigurations = (
				CDFCF74E1E5EDAFF00CABD0F /* Debug */,
				CDFCF74F1E5EDAFF00CABD0F /* Release */,
			);
			defaultConfigurationIsVisible = 0;
			defaultConfigurationName = Release;
		};
		CDFCF7501E5EDAFF00CABD0F /* Build configuration list for PBXNativeTarget "CIDetectorExamaple" */ = {
			isa = XCConfigurationList;
			buildConfigurations = (
				CDFCF7511E5EDAFF00CABD0F /* Debug */,
				CDFCF7521E5EDAFF00CABD0F /* Release */,
			);
			defaultConfigurationIsVisible = 0;
		};
/* End XCConfigurationList section */
	};
	rootObject = CDFCF7311E5EDAFF00CABD0F /* Project object */;
}
